// !$*UTF8*$!
{
	archiveVersion = 1;
	classes = {
	};
	objectVersion = 51;
	objects = {

/* Begin PBXBuildFile section */
		0BC7CDB45F39CC0FAF8377AD /* Pods_HackerNews_Client.framework in Frameworks */ = {isa = PBXBuildFile; fileRef = 60DC95FCD92036AE95A5C43F /* Pods_HackerNews_Client.framework */; };
		FC071C8B2379AEB900C82830 /* StoryViewController.swift in Sources */ = {isa = PBXBuildFile; fileRef = FC071C8A2379AEB900C82830 /* StoryViewController.swift */; };
		FC071C8D2379B69100C82830 /* NewsCell.swift in Sources */ = {isa = PBXBuildFile; fileRef = FC071C8C2379B69100C82830 /* NewsCell.swift */; };
		FC4C6D88237BF31B0028A515 /* ToastView.swift in Sources */ = {isa = PBXBuildFile; fileRef = FC4C6D87237BF31B0028A515 /* ToastView.swift */; };
		FC4C6D8A237BF33A0028A515 /* ErrorView.swift in Sources */ = {isa = PBXBuildFile; fileRef = FC4C6D89237BF33A0028A515 /* ErrorView.swift */; };
		FC4C6D8C237BF3770028A515 /* BaseViewController.swift in Sources */ = {isa = PBXBuildFile; fileRef = FC4C6D8B237BF3770028A515 /* BaseViewController.swift */; };
		FC4C6D8E237BF3940028A515 /* Extensions.swift in Sources */ = {isa = PBXBuildFile; fileRef = FC4C6D8D237BF3940028A515 /* Extensions.swift */; };
		FCA078262379412200D84628 /* AppDelegate.swift in Sources */ = {isa = PBXBuildFile; fileRef = FCA078252379412200D84628 /* AppDelegate.swift */; };
		FCA078282379412200D84628 /* SceneDelegate.swift in Sources */ = {isa = PBXBuildFile; fileRef = FCA078272379412200D84628 /* SceneDelegate.swift */; };
		FCA0782A2379412200D84628 /* HomeViewController.swift in Sources */ = {isa = PBXBuildFile; fileRef = FCA078292379412200D84628 /* HomeViewController.swift */; };
		FCA0782F2379412B00D84628 /* Assets.xcassets in Resources */ = {isa = PBXBuildFile; fileRef = FCA0782E2379412B00D84628 /* Assets.xcassets */; };
		FCA078322379412B00D84628 /* LaunchScreen.storyboard in Resources */ = {isa = PBXBuildFile; fileRef = FCA078302379412B00D84628 /* LaunchScreen.storyboard */; };
		FCA0783B2379419000D84628 /* MainTabController.swift in Sources */ = {isa = PBXBuildFile; fileRef = FCA0783A2379419000D84628 /* MainTabController.swift */; };
		FCA0783D2379420100D84628 /* BookmarkViewController.swift in Sources */ = {isa = PBXBuildFile; fileRef = FCA0783C2379420100D84628 /* BookmarkViewController.swift */; };
		FCA0784023794F8100D84628 /* Constants.swift in Sources */ = {isa = PBXBuildFile; fileRef = FCA0783F23794F8100D84628 /* Constants.swift */; };
		FCA07845237990F400D84628 /* HomeViewModel.swift in Sources */ = {isa = PBXBuildFile; fileRef = FCA07844237990F400D84628 /* HomeViewModel.swift */; };
		FCA078482379917100D84628 /* TopStoriesCell.swift in Sources */ = {isa = PBXBuildFile; fileRef = FCA078472379917100D84628 /* TopStoriesCell.swift */; };
		FCA0784B237991A800D84628 /* HNModel.swift in Sources */ = {isa = PBXBuildFile; fileRef = FCA0784A237991A800D84628 /* HNModel.swift */; };
		FCD6B72E237A0CC400EB714F /* WelcomeViewController.swift in Sources */ = {isa = PBXBuildFile; fileRef = FCD6B72D237A0CC400EB714F /* WelcomeViewController.swift */; };
		FCD6B730237A270B00EB714F /* ProfileViewController.swift in Sources */ = {isa = PBXBuildFile; fileRef = FCD6B72F237A270B00EB714F /* ProfileViewController.swift */; };
/* End PBXBuildFile section */

/* Begin PBXFileReference section */
		60DC95FCD92036AE95A5C43F /* Pods_HackerNews_Client.framework */ = {isa = PBXFileReference; explicitFileType = wrapper.framework; includeInIndex = 0; path = Pods_HackerNews_Client.framework; sourceTree = BUILT_PRODUCTS_DIR; };
		9F7F079F4DFB0B1A3B39F226 /* Pods-HackerNews Client.release.xcconfig */ = {isa = PBXFileReference; includeInIndex = 1; lastKnownFileType = text.xcconfig; name = "Pods-HackerNews Client.release.xcconfig"; path = "Target Support Files/Pods-HackerNews Client/Pods-HackerNews Client.release.xcconfig"; sourceTree = "<group>"; };
		AE8EB03B0C873F73195CB2F1 /* Pods-HackerNews Client.debug.xcconfig */ = {isa = PBXFileReference; includeInIndex = 1; lastKnownFileType = text.xcconfig; name = "Pods-HackerNews Client.debug.xcconfig"; path = "Target Support Files/Pods-HackerNews Client/Pods-HackerNews Client.debug.xcconfig"; sourceTree = "<group>"; };
		FC071C8A2379AEB900C82830 /* StoryViewController.swift */ = {isa = PBXFileReference; lastKnownFileType = sourcecode.swift; path = StoryViewController.swift; sourceTree = "<group>"; };
		FC071C8C2379B69100C82830 /* NewsCell.swift */ = {isa = PBXFileReference; lastKnownFileType = sourcecode.swift; path = NewsCell.swift; sourceTree = "<group>"; };
		FC4C6D87237BF31B0028A515 /* ToastView.swift */ = {isa = PBXFileReference; lastKnownFileType = sourcecode.swift; path = ToastView.swift; sourceTree = "<group>"; };
		FC4C6D89237BF33A0028A515 /* ErrorView.swift */ = {isa = PBXFileReference; lastKnownFileType = sourcecode.swift; path = ErrorView.swift; sourceTree = "<group>"; };
		FC4C6D8B237BF3770028A515 /* BaseViewController.swift */ = {isa = PBXFileReference; lastKnownFileType = sourcecode.swift; path = BaseViewController.swift; sourceTree = "<group>"; };
		FC4C6D8D237BF3940028A515 /* Extensions.swift */ = {isa = PBXFileReference; lastKnownFileType = sourcecode.swift; path = Extensions.swift; sourceTree = "<group>"; };
		FCA078222379412200D84628 /* HackerNews Client.app */ = {isa = PBXFileReference; explicitFileType = wrapper.application; includeInIndex = 0; path = "HackerNews Client.app"; sourceTree = BUILT_PRODUCTS_DIR; };
		FCA078252379412200D84628 /* AppDelegate.swift */ = {isa = PBXFileReference; lastKnownFileType = sourcecode.swift; path = AppDelegate.swift; sourceTree = "<group>"; };
		FCA078272379412200D84628 /* SceneDelegate.swift */ = {isa = PBXFileReference; lastKnownFileType = sourcecode.swift; path = SceneDelegate.swift; sourceTree = "<group>"; };
		FCA078292379412200D84628 /* HomeViewController.swift */ = {isa = PBXFileReference; lastKnownFileType = sourcecode.swift; path = HomeViewController.swift; sourceTree = "<group>"; };
		FCA0782E2379412B00D84628 /* Assets.xcassets */ = {isa = PBXFileReference; lastKnownFileType = folder.assetcatalog; path = Assets.xcassets; sourceTree = "<group>"; };
		FCA078312379412B00D84628 /* Base */ = {isa = PBXFileReference; lastKnownFileType = file.storyboard; name = Base; path = Base.lproj/LaunchScreen.storyboard; sourceTree = "<group>"; };
		FCA078332379412B00D84628 /* Info.plist */ = {isa = PBXFileReference; lastKnownFileType = text.plist.xml; path = Info.plist; sourceTree = "<group>"; };
		FCA0783A2379419000D84628 /* MainTabController.swift */ = {isa = PBXFileReference; lastKnownFileType = sourcecode.swift; path = MainTabController.swift; sourceTree = "<group>"; };
		FCA0783C2379420100D84628 /* BookmarkViewController.swift */ = {isa = PBXFileReference; lastKnownFileType = sourcecode.swift; path = BookmarkViewController.swift; sourceTree = "<group>"; };
		FCA0783F23794F8100D84628 /* Constants.swift */ = {isa = PBXFileReference; lastKnownFileType = sourcecode.swift; path = Constants.swift; sourceTree = "<group>"; };
		FCA07844237990F400D84628 /* HomeViewModel.swift */ = {isa = PBXFileReference; lastKnownFileType = sourcecode.swift; path = HomeViewModel.swift; sourceTree = "<group>"; };
		FCA078472379917100D84628 /* TopStoriesCell.swift */ = {isa = PBXFileReference; lastKnownFileType = sourcecode.swift; path = TopStoriesCell.swift; sourceTree = "<group>"; };
		FCA0784A237991A800D84628 /* HNModel.swift */ = {isa = PBXFileReference; lastKnownFileType = sourcecode.swift; path = HNModel.swift; sourceTree = "<group>"; };
		FCD6B72D237A0CC400EB714F /* WelcomeViewController.swift */ = {isa = PBXFileReference; lastKnownFileType = sourcecode.swift; path = WelcomeViewController.swift; sourceTree = "<group>"; };
		FCD6B72F237A270B00EB714F /* ProfileViewController.swift */ = {isa = PBXFileReference; lastKnownFileType = sourcecode.swift; path = ProfileViewController.swift; sourceTree = "<group>"; };
/* End PBXFileReference section */

/* Begin PBXFrameworksBuildPhase section */
		FCA0781F2379412200D84628 /* Frameworks */ = {
			isa = PBXFrameworksBuildPhase;
			buildActionMask = 2147483647;
			files = (
				0BC7CDB45F39CC0FAF8377AD /* Pods_HackerNews_Client.framework in Frameworks */,
			);
			runOnlyForDeploymentPostprocessing = 0;
		};
/* End PBXFrameworksBuildPhase section */

/* Begin PBXGroup section */
		25C778E5667BB01C62441250 /* Pods */ = {
			isa = PBXGroup;
			children = (
				AE8EB03B0C873F73195CB2F1 /* Pods-HackerNews Client.debug.xcconfig */,
				9F7F079F4DFB0B1A3B39F226 /* Pods-HackerNews Client.release.xcconfig */,
			);
			path = Pods;
			sourceTree = "<group>";
		};
		B4C526AD3FF9D3F28AFA1EED /* Frameworks */ = {
			isa = PBXGroup;
			children = (
				60DC95FCD92036AE95A5C43F /* Pods_HackerNews_Client.framework */,
			);
			name = Frameworks;
			sourceTree = "<group>";
		};
		FC4C6D8F237BF3B90028A515 /* Common */ = {
			isa = PBXGroup;
			children = (
				FC4C6D8B237BF3770028A515 /* BaseViewController.swift */,
				FC4C6D89237BF33A0028A515 /* ErrorView.swift */,
				FC4C6D8D237BF3940028A515 /* Extensions.swift */,
				FC4C6D87237BF31B0028A515 /* ToastView.swift */,
			);
			path = Common;
			sourceTree = "<group>";
		};
		FC4C6D90237BF6310028A515 /* Tabs */ = {
			isa = PBXGroup;
			children = (
				FC4C6D91237BF64A0028A515 /* Home */,
				FC4C6D97237BF6E00028A515 /* View */,
				FC4C6D95237BF6C10028A515 /* Bookmarks */,
				FC4C6D93237BF6A60028A515 /* Profile */,
			);
			path = Tabs;
			sourceTree = "<group>";
		};
		FC4C6D91237BF64A0028A515 /* Home */ = {
			isa = PBXGroup;
			children = (
				FCA078492379919B00D84628 /* Model */,
				FCA07843237990E400D84628 /* ViewModel */,
				FC4C6D92237BF6560028A515 /* View */,
			);
			path = Home;
			sourceTree = "<group>";
		};
		FC4C6D92237BF6560028A515 /* View */ = {
			isa = PBXGroup;
			children = (
				FC071C8C2379B69100C82830 /* NewsCell.swift */,
				FCA078472379917100D84628 /* TopStoriesCell.swift */,
				FCA078292379412200D84628 /* HomeViewController.swift */,
				FC071C8A2379AEB900C82830 /* StoryViewController.swift */,
			);
			path = View;
			sourceTree = "<group>";
		};
		FC4C6D93237BF6A60028A515 /* Profile */ = {
			isa = PBXGroup;
			children = (
				FC4C6D94237BF6AF0028A515 /* View */,
			);
			path = Profile;
			sourceTree = "<group>";
		};
		FC4C6D94237BF6AF0028A515 /* View */ = {
			isa = PBXGroup;
			children = (
				FCD6B72F237A270B00EB714F /* ProfileViewController.swift */,
			);
			path = View;
			sourceTree = "<group>";
		};
		FC4C6D95237BF6C10028A515 /* Bookmarks */ = {
			isa = PBXGroup;
			children = (
				FC4C6D96237BF6CF0028A515 /* View */,
			);
			path = Bookmarks;
			sourceTree = "<group>";
		};
		FC4C6D96237BF6CF0028A515 /* View */ = {
			isa = PBXGroup;
			children = (
				FCA0783C2379420100D84628 /* BookmarkViewController.swift */,
			);
			path = View;
			sourceTree = "<group>";
		};
		FC4C6D97237BF6E00028A515 /* View */ = {
			isa = PBXGroup;
			children = (
				FCA0783A2379419000D84628 /* MainTabController.swift */,
			);
			path = View;
			sourceTree = "<group>";
		};
		FC4C6D98237BF71D0028A515 /* Authentication */ = {
			isa = PBXGroup;
			children = (
				FC4C6D99237BF7270028A515 /* View */,
			);
			path = Authentication;
			sourceTree = "<group>";
		};
		FC4C6D99237BF7270028A515 /* View */ = {
			isa = PBXGroup;
			children = (
				FCD6B72D237A0CC400EB714F /* WelcomeViewController.swift */,
			);
			path = View;
			sourceTree = "<group>";
		};
		FCA078192379412200D84628 = {
			isa = PBXGroup;
			children = (
				FCA078242379412200D84628 /* HackerNews Client */,
				FCA078232379412200D84628 /* Products */,
				25C778E5667BB01C62441250 /* Pods */,
				B4C526AD3FF9D3F28AFA1EED /* Frameworks */,
			);
			sourceTree = "<group>";
		};
		FCA078232379412200D84628 /* Products */ = {
			isa = PBXGroup;
			children = (
				FCA078222379412200D84628 /* HackerNews Client.app */,
			);
			name = Products;
			sourceTree = "<group>";
		};
		FCA078242379412200D84628 /* HackerNews Client */ = {
			isa = PBXGroup;
			children = (
				FC4C6D98237BF71D0028A515 /* Authentication */,
				FC4C6D90237BF6310028A515 /* Tabs */,
				FC4C6D8F237BF3B90028A515 /* Common */,
				FCA0783E23794F6B00D84628 /* Constants */,
				FCA078252379412200D84628 /* AppDelegate.swift */,
				FCA078272379412200D84628 /* SceneDelegate.swift */,
				FCA0782E2379412B00D84628 /* Assets.xcassets */,
				FCA078302379412B00D84628 /* LaunchScreen.storyboard */,
				FCA078332379412B00D84628 /* Info.plist */,
			);
			path = "HackerNews Client";
			sourceTree = "<group>";
		};
		FCA0783E23794F6B00D84628 /* Constants */ = {
			isa = PBXGroup;
			children = (
				FCA0783F23794F8100D84628 /* Constants.swift */,
			);
			path = Constants;
			sourceTree = "<group>";
		};
		FCA07843237990E400D84628 /* ViewModel */ = {
			isa = PBXGroup;
			children = (
				FCA07844237990F400D84628 /* HomeViewModel.swift */,
			);
			path = ViewModel;
			sourceTree = "<group>";
		};
		FCA078492379919B00D84628 /* Model */ = {
			isa = PBXGroup;
			children = (
				FCA0784A237991A800D84628 /* HNModel.swift */,
			);
			path = Model;
			sourceTree = "<group>";
		};
/* End PBXGroup section */

/* Begin PBXNativeTarget section */
		FCA078212379412200D84628 /* HackerNews Client */ = {
			isa = PBXNativeTarget;
			buildConfigurationList = FCA078362379412B00D84628 /* Build configuration list for PBXNativeTarget "HackerNews Client" */;
			buildPhases = (
				E61D04246B98D5F36BAC6CD5 /* [CP] Check Pods Manifest.lock */,
				FCA0781E2379412200D84628 /* Sources */,
				FCA0781F2379412200D84628 /* Frameworks */,
				FCA078202379412200D84628 /* Resources */,
				6573615981837B47108A83C7 /* [CP] Embed Pods Frameworks */,
				37FA2F420AA89A0446172061 /* [CP] Copy Pods Resources */,
			);
			buildRules = (
			);
			dependencies = (
			);
			name = "HackerNews Client";
			productName = "HackerNews Client";
			productReference = FCA078222379412200D84628 /* HackerNews Client.app */;
			productType = "com.apple.product-type.application";
		};
/* End PBXNativeTarget section */

/* Begin PBXProject section */
		FCA0781A2379412200D84628 /* Project object */ = {
			isa = PBXProject;
			attributes = {
				LastSwiftUpdateCheck = 1120;
				LastUpgradeCheck = 1120;
				ORGANIZATIONNAME = "Divyansh  Jain";
				TargetAttributes = {
					FCA078212379412200D84628 = {
						CreatedOnToolsVersion = 11.2;
					};
				};
			};
			buildConfigurationList = FCA0781D2379412200D84628 /* Build configuration list for PBXProject "HackerNews Client" */;
			compatibilityVersion = "Xcode 9.3";
			developmentRegion = en;
			hasScannedForEncodings = 0;
			knownRegions = (
				en,
				Base,
			);
			mainGroup = FCA078192379412200D84628;
			productRefGroup = FCA078232379412200D84628 /* Products */;
			projectDirPath = "";
			projectRoot = "";
			targets = (
				FCA078212379412200D84628 /* HackerNews Client */,
			);
		};
/* End PBXProject section */

/* Begin PBXResourcesBuildPhase section */
		FCA078202379412200D84628 /* Resources */ = {
			isa = PBXResourcesBuildPhase;
			buildActionMask = 2147483647;
			files = (
				FCA078322379412B00D84628 /* LaunchScreen.storyboard in Resources */,
				FCA0782F2379412B00D84628 /* Assets.xcassets in Resources */,
			);
			runOnlyForDeploymentPostprocessing = 0;
		};
/* End PBXResourcesBuildPhase section */

/* Begin PBXShellScriptBuildPhase section */
		37FA2F420AA89A0446172061 /* [CP] Copy Pods Resources */ = {
			isa = PBXShellScriptBuildPhase;
			buildActionMask = 2147483647;
			files = (
			);
			inputFileListPaths = (
				"${PODS_ROOT}/Target Support Files/Pods-HackerNews Client/Pods-HackerNews Client-resources-${CONFIGURATION}-input-files.xcfilelist",
			);
			name = "[CP] Copy Pods Resources";
			outputFileListPaths = (
				"${PODS_ROOT}/Target Support Files/Pods-HackerNews Client/Pods-HackerNews Client-resources-${CONFIGURATION}-output-files.xcfilelist",
			);
			runOnlyForDeploymentPostprocessing = 0;
			shellPath = /bin/sh;
			shellScript = "\"${PODS_ROOT}/Target Support Files/Pods-HackerNews Client/Pods-HackerNews Client-resources.sh\"\n";
			showEnvVarsInLog = 0;
		};
		6573615981837B47108A83C7 /* [CP] Embed Pods Frameworks */ = {
			isa = PBXShellScriptBuildPhase;
			buildActionMask = 2147483647;
			files = (
			);
			inputFileListPaths = (
				"${PODS_ROOT}/Target Support Files/Pods-HackerNews Client/Pods-HackerNews Client-frameworks-${CONFIGURATION}-input-files.xcfilelist",
			);
			name = "[CP] Embed Pods Frameworks";
			outputFileListPaths = (
				"${PODS_ROOT}/Target Support Files/Pods-HackerNews Client/Pods-HackerNews Client-frameworks-${CONFIGURATION}-output-files.xcfilelist",
			);
			runOnlyForDeploymentPostprocessing = 0;
			shellPath = /bin/sh;
			shellScript = "\"${PODS_ROOT}/Target Support Files/Pods-HackerNews Client/Pods-HackerNews Client-frameworks.sh\"\n";
			showEnvVarsInLog = 0;
		};
		E61D04246B98D5F36BAC6CD5 /* [CP] Check Pods Manifest.lock */ = {
			isa = PBXShellScriptBuildPhase;
			buildActionMask = 2147483647;
			files = (
			);
			inputFileListPaths = (
			);
			inputPaths = (
				"${PODS_PODFILE_DIR_PATH}/Podfile.lock",
				"${PODS_ROOT}/Manifest.lock",
			);
			name = "[CP] Check Pods Manifest.lock";
			outputFileListPaths = (
			);
			outputPaths = (
				"$(DERIVED_FILE_DIR)/Pods-HackerNews Client-checkManifestLockResult.txt",
			);
			runOnlyForDeploymentPostprocessing = 0;
			shellPath = /bin/sh;
			shellScript = "diff \"${PODS_PODFILE_DIR_PATH}/Podfile.lock\" \"${PODS_ROOT}/Manifest.lock\" > /dev/null\nif [ $? != 0 ] ; then\n    # print error to STDERR\n    echo \"error: The sandbox is not in sync with the Podfile.lock. Run 'pod install' or update your CocoaPods installation.\" >&2\n    exit 1\nfi\n# This output is used by Xcode 'outputs' to avoid re-running this script phase.\necho \"SUCCESS\" > \"${SCRIPT_OUTPUT_FILE_0}\"\n";
			showEnvVarsInLog = 0;
		};
/* End PBXShellScriptBuildPhase section */

/* Begin PBXSourcesBuildPhase section */
		FCA0781E2379412200D84628 /* Sources */ = {
			isa = PBXSourcesBuildPhase;
			buildActionMask = 2147483647;
			files = (
				FC071C8B2379AEB900C82830 /* StoryViewController.swift in Sources */,
				FCA0784B237991A800D84628 /* HNModel.swift in Sources */,
				FCA0782A2379412200D84628 /* HomeViewController.swift in Sources */,
				FCA078262379412200D84628 /* AppDelegate.swift in Sources */,
				FCA0783B2379419000D84628 /* MainTabController.swift in Sources */,
				FCA078482379917100D84628 /* TopStoriesCell.swift in Sources */,
				FCA078282379412200D84628 /* SceneDelegate.swift in Sources */,
				FCA07845237990F400D84628 /* HomeViewModel.swift in Sources */,
				FC4C6D88237BF31B0028A515 /* ToastView.swift in Sources */,
				FCA0783D2379420100D84628 /* BookmarkViewController.swift in Sources */,
				FC4C6D8A237BF33A0028A515 /* ErrorView.swift in Sources */,
				FCD6B730237A270B00EB714F /* ProfileViewController.swift in Sources */,
				FCD6B72E237A0CC400EB714F /* WelcomeViewController.swift in Sources */,
				FC4C6D8C237BF3770028A515 /* BaseViewController.swift in Sources */,
				FC4C6D8E237BF3940028A515 /* Extensions.swift in Sources */,
				FCA0784023794F8100D84628 /* Constants.swift in Sources */,
				FC071C8D2379B69100C82830 /* NewsCell.swift in Sources */,
			);
			runOnlyForDeploymentPostprocessing = 0;
		};
/* End PBXSourcesBuildPhase section */

/* Begin PBXVariantGroup section */
		FCA078302379412B00D84628 /* LaunchScreen.storyboard */ = {
			isa = PBXVariantGroup;
			children = (
				FCA078312379412B00D84628 /* Base */,
			);
			name = LaunchScreen.storyboard;
			sourceTree = "<group>";
		};
/* End PBXVariantGroup section */

/* Begin XCBuildConfiguration section */
		FCA078342379412B00D84628 /* Debug */ = {
			isa = XCBuildConfiguration;
			buildSettings = {
				ALWAYS_SEARCH_USER_PATHS = NO;
				CLANG_ANALYZER_NONNULL = YES;
				CLANG_ANALYZER_NUMBER_OBJECT_CONVERSION = YES_AGGRESSIVE;
				CLANG_CXX_LANGUAGE_STANDARD = "gnu++14";
				CLANG_CXX_LIBRARY = "libc++";
				CLANG_ENABLE_MODULES = YES;
				CLANG_ENABLE_OBJC_ARC = YES;
				CLANG_ENABLE_OBJC_WEAK = YES;
				CLANG_WARN_BLOCK_CAPTURE_AUTORELEASING = YES;
				CLANG_WARN_BOOL_CONVERSION = YES;
				CLANG_WARN_COMMA = YES;
				CLANG_WARN_CONSTANT_CONVERSION = YES;
				CLANG_WARN_DEPRECATED_OBJC_IMPLEMENTATIONS = YES;
				CLANG_WARN_DIRECT_OBJC_ISA_USAGE = YES_ERROR;
				CLANG_WARN_DOCUMENTATION_COMMENTS = YES;
				CLANG_WARN_EMPTY_BODY = YES;
				CLANG_WARN_ENUM_CONVERSION = YES;
				CLANG_WARN_INFINITE_RECURSION = YES;
				CLANG_WARN_INT_CONVERSION = YES;
				CLANG_WARN_NON_LITERAL_NULL_CONVERSION = YES;
				CLANG_WARN_OBJC_IMPLICIT_RETAIN_SELF = YES;
				CLANG_WARN_OBJC_LITERAL_CONVERSION = YES;
				CLANG_WARN_OBJC_ROOT_CLASS = YES_ERROR;
				CLANG_WARN_RANGE_LOOP_ANALYSIS = YES;
				CLANG_WARN_STRICT_PROTOTYPES = YES;
				CLANG_WARN_SUSPICIOUS_MOVE = YES;
				CLANG_WARN_UNGUARDED_AVAILABILITY = YES_AGGRESSIVE;
				CLANG_WARN_UNREACHABLE_CODE = YES;
				CLANG_WARN__DUPLICATE_METHOD_MATCH = YES;
				COPY_PHASE_STRIP = NO;
				DEBUG_INFORMATION_FORMAT = dwarf;
				ENABLE_STRICT_OBJC_MSGSEND = YES;
				ENABLE_TESTABILITY = YES;
				GCC_C_LANGUAGE_STANDARD = gnu11;
				GCC_DYNAMIC_NO_PIC = NO;
				GCC_NO_COMMON_BLOCKS = YES;
				GCC_OPTIMIZATION_LEVEL = 0;
				GCC_PREPROCESSOR_DEFINITIONS = (
					"DEBUG=1",
					"$(inherited)",
				);
				GCC_WARN_64_TO_32_BIT_CONVERSION = YES;
				GCC_WARN_ABOUT_RETURN_TYPE = YES_ERROR;
				GCC_WARN_UNDECLARED_SELECTOR = YES;
				GCC_WARN_UNINITIALIZED_AUTOS = YES_AGGRESSIVE;
				GCC_WARN_UNUSED_FUNCTION = YES;
				GCC_WARN_UNUSED_VARIABLE = YES;
				IPHONEOS_DEPLOYMENT_TARGET = 13.2;
				MTL_ENABLE_DEBUG_INFO = INCLUDE_SOURCE;
				MTL_FAST_MATH = YES;
				ONLY_ACTIVE_ARCH = YES;
				SDKROOT = iphoneos;
				SWIFT_ACTIVE_COMPILATION_CONDITIONS = DEBUG;
				SWIFT_OPTIMIZATION_LEVEL = "-Onone";
			};
			name = Debug;
		};
		FCA078352379412B00D84628 /* Release */ = {
			isa = XCBuildConfiguration;
			buildSettings = {
				ALWAYS_SEARCH_USER_PATHS = NO;
				CLANG_ANALYZER_NONNULL = YES;
				CLANG_ANALYZER_NUMBER_OBJECT_CONVERSION = YES_AGGRESSIVE;
				CLANG_CXX_LANGUAGE_STANDARD = "gnu++14";
				CLANG_CXX_LIBRARY = "libc++";
				CLANG_ENABLE_MODULES = YES;
				CLANG_ENABLE_OBJC_ARC = YES;
				CLANG_ENABLE_OBJC_WEAK = YES;
				CLANG_WARN_BLOCK_CAPTURE_AUTORELEASING = YES;
				CLANG_WARN_BOOL_CONVERSION = YES;
				CLANG_WARN_COMMA = YES;
				CLANG_WARN_CONSTANT_CONVERSION = YES;
				CLANG_WARN_DEPRECATED_OBJC_IMPLEMENTATIONS = YES;
				CLANG_WARN_DIRECT_OBJC_ISA_USAGE = YES_ERROR;
				CLANG_WARN_DOCUMENTATION_COMMENTS = YES;
				CLANG_WARN_EMPTY_BODY = YES;
				CLANG_WARN_ENUM_CONVERSION = YES;
				CLANG_WARN_INFINITE_RECURSION = YES;
				CLANG_WARN_INT_CONVERSION = YES;
				CLANG_WARN_NON_LITERAL_NULL_CONVERSION = YES;
				CLANG_WARN_OBJC_IMPLICIT_RETAIN_SELF = YES;
				CLANG_WARN_OBJC_LITERAL_CONVERSION = YES;
				CLANG_WARN_OBJC_ROOT_CLASS = YES_ERROR;
				CLANG_WARN_RANGE_LOOP_ANALYSIS = YES;
				CLANG_WARN_STRICT_PROTOTYPES = YES;
				CLANG_WARN_SUSPICIOUS_MOVE = YES;
				CLANG_WARN_UNGUARDED_AVAILABILITY = YES_AGGRESSIVE;
				CLANG_WARN_UNREACHABLE_CODE = YES;
				CLANG_WARN__DUPLICATE_METHOD_MATCH = YES;
				COPY_PHASE_STRIP = NO;
				DEBUG_INFORMATION_FORMAT = "dwarf-with-dsym";
				ENABLE_NS_ASSERTIONS = NO;
				ENABLE_STRICT_OBJC_MSGSEND = YES;
				GCC_C_LANGUAGE_STANDARD = gnu11;
				GCC_NO_COMMON_BLOCKS = YES;
				GCC_WARN_64_TO_32_BIT_CONVERSION = YES;
				GCC_WARN_ABOUT_RETURN_TYPE = YES_ERROR;
				GCC_WARN_UNDECLARED_SELECTOR = YES;
				GCC_WARN_UNINITIALIZED_AUTOS = YES_AGGRESSIVE;
				GCC_WARN_UNUSED_FUNCTION = YES;
				GCC_WARN_UNUSED_VARIABLE = YES;
				IPHONEOS_DEPLOYMENT_TARGET = 13.2;
				MTL_ENABLE_DEBUG_INFO = NO;
				MTL_FAST_MATH = YES;
				SDKROOT = iphoneos;
				SWIFT_COMPILATION_MODE = wholemodule;
				SWIFT_OPTIMIZATION_LEVEL = "-O";
				VALIDATE_PRODUCT = YES;
			};
			name = Release;
		};
		FCA078372379412B00D84628 /* Debug */ = {
			isa = XCBuildConfiguration;
			baseConfigurationReference = AE8EB03B0C873F73195CB2F1 /* Pods-HackerNews Client.debug.xcconfig */;
			buildSettings = {
				ASSETCATALOG_COMPILER_APPICON_NAME = AppIcon;
				CODE_SIGN_STYLE = Automatic;
				INFOPLIST_FILE = "HackerNews Client/Info.plist";
				LD_RUNPATH_SEARCH_PATHS = (
					"$(inherited)",
					"@executable_path/Frameworks",
				);
				PRODUCT_BUNDLE_IDENTIFIER = "t.HackerNews-Client";
				PRODUCT_NAME = "$(TARGET_NAME)";
				SWIFT_VERSION = 5.0;
				TARGETED_DEVICE_FAMILY = "1,2";
			};
			name = Debug;
		};
		FCA078382379412B00D84628 /* Release */ = {
			isa = XCBuildConfiguration;
			baseConfigurationReference = 9F7F079F4DFB0B1A3B39F226 /* Pods-HackerNews Client.release.xcconfig */;
			buildSettings = {
				ASSETCATALOG_COMPILER_APPICON_NAME = AppIcon;
				CODE_SIGN_STYLE = Automatic;
				INFOPLIST_FILE = "HackerNews Client/Info.plist";
				LD_RUNPATH_SEARCH_PATHS = (
					"$(inherited)",
					"@executable_path/Frameworks",
				);
				PRODUCT_BUNDLE_IDENTIFIER = "t.HackerNews-Client";
				PRODUCT_NAME = "$(TARGET_NAME)";
				SWIFT_VERSION = 5.0;
				TARGETED_DEVICE_FAMILY = "1,2";
			};
			name = Release;
		};
/* End XCBuildConfiguration section */

/* Begin XCConfigurationList section */
		FCA0781D2379412200D84628 /* Build configuration list for PBXProject "HackerNews Client" */ = {
			isa = XCConfigurationList;
			buildConfigurations = (
				FCA078342379412B00D84628 /* Debug */,
				FCA078352379412B00D84628 /* Release */,
			);
			defaultConfigurationIsVisible = 0;
			defaultConfigurationName = Release;
		};
		FCA078362379412B00D84628 /* Build configuration list for PBXNativeTarget "HackerNews Client" */ = {
			isa = XCConfigurationList;
			buildConfigurations = (
				FCA078372379412B00D84628 /* Debug */,
				FCA078382379412B00D84628 /* Release */,
			);
			defaultConfigurationIsVisible = 0;
			defaultConfigurationName = Release;
		};
/* End XCConfigurationList section */
	};
	rootObject = FCA0781A2379412200D84628 /* Project object */;
}
